// !$*UTF8*$!
{
	archiveVersion = 1;
	classes = {
	};
	objectVersion = 46;
	objects = {

/* Begin PBXBuildFile section */
		1984B9A11E4854A600E53D5D /* SingleItemViewController.swift in Sources */ = {isa = PBXBuildFile; fileRef = 1984B9A01E4854A600E53D5D /* SingleItemViewController.swift */; };
		1984B9A31E485B2F00E53D5D /* DataAPI.swift in Sources */ = {isa = PBXBuildFile; fileRef = 1984B9A21E485B2F00E53D5D /* DataAPI.swift */; };
		1984B9A51E4864B600E53D5D /* Item.swift in Sources */ = {isa = PBXBuildFile; fileRef = 1984B9A41E4864B500E53D5D /* Item.swift */; };
		19865E981E410CB800E29E6D /* AppDelegate.swift in Sources */ = {isa = PBXBuildFile; fileRef = 19865E971E410CB800E29E6D /* AppDelegate.swift */; };
		19865E9A1E410CB800E29E6D /* ViewController.swift in Sources */ = {isa = PBXBuildFile; fileRef = 19865E991E410CB800E29E6D /* ViewController.swift */; };
		19865E9D1E410CB800E29E6D /* Main.storyboard in Resources */ = {isa = PBXBuildFile; fileRef = 19865E9B1E410CB800E29E6D /* Main.storyboard */; };
		19865E9F1E410CB800E29E6D /* Assets.xcassets in Resources */ = {isa = PBXBuildFile; fileRef = 19865E9E1E410CB800E29E6D /* Assets.xcassets */; };
		19865EA21E410CB800E29E6D /* LaunchScreen.storyboard in Resources */ = {isa = PBXBuildFile; fileRef = 19865EA01E410CB800E29E6D /* LaunchScreen.storyboard */; };
/* End PBXBuildFile section */

/* Begin PBXFileReference section */
		1984B9A01E4854A600E53D5D /* SingleItemViewController.swift */ = {isa = PBXFileReference; fileEncoding = 4; lastKnownFileType = sourcecode.swift; path = SingleItemViewController.swift; sourceTree = "<group>"; };
		1984B9A21E485B2F00E53D5D /* DataAPI.swift */ = {isa = PBXFileReference; fileEncoding = 4; lastKnownFileType = sourcecode.swift; name = DataAPI.swift; path = ../DataAPI.swift; sourceTree = "<group>"; };
		1984B9A41E4864B500E53D5D /* Item.swift */ = {isa = PBXFileReference; fileEncoding = 4; lastKnownFileType = sourcecode.swift; name = Item.swift; path = ../Item.swift; sourceTree = "<group>"; };
		19865E941E410CB800E29E6D /* demo.app */ = {isa = PBXFileReference; explicitFileType = wrapper.application; includeInIndex = 0; path = demo.app; sourceTree = BUILT_PRODUCTS_DIR; };
		19865E971E410CB800E29E6D /* AppDelegate.swift */ = {isa = PBXFileReference; lastKnownFileType = sourcecode.swift; path = AppDelegate.swift; sourceTree = "<group>"; };
		19865E991E410CB800E29E6D /* ViewController.swift */ = {isa = PBXFileReference; lastKnownFileType = sourcecode.swift; path = ViewController.swift; sourceTree = "<group>"; };
		19865E9C1E410CB800E29E6D /* Base */ = {isa = PBXFileReference; lastKnownFileType = file.storyboard; name = Base; path = Base.lproj/Main.storyboard; sourceTree = "<group>"; };
		19865E9E1E410CB800E29E6D /* Assets.xcassets */ = {isa = PBXFileReference; lastKnownFileType = folder.assetcatalog; path = Assets.xcassets; sourceTree = "<group>"; };
		19865EA11E410CB800E29E6D /* Base */ = {isa = PBXFileReference; lastKnownFileType = file.storyboard; name = Base; path = Base.lproj/LaunchScreen.storyboard; sourceTree = "<group>"; };
		19865EA31E410CB800E29E6D /* Info.plist */ = {isa = PBXFileReference; lastKnownFileType = text.plist.xml; path = Info.plist; sourceTree = "<group>"; };
/* End PBXFileReference section */

/* Begin PBXFrameworksBuildPhase section */
		19865E911E410CB800E29E6D /* Frameworks */ = {
			isa = PBXFrameworksBuildPhase;
			buildActionMask = 2147483647;
			files = (
			);
			runOnlyForDeploymentPostprocessing = 0;
		};
/* End PBXFrameworksBuildPhase section */

/* Begin PBXGroup section */
		19865E8B1E410CB800E29E6D = {
			isa = PBXGroup;
			children = (
				19865E961E410CB800E29E6D /* demo */,
				19865E951E410CB800E29E6D /* Products */,
			);
			sourceTree = "<group>";
		};
		19865E951E410CB800E29E6D /* Products */ = {
			isa = PBXGroup;
			children = (
				19865E941E410CB800E29E6D /* demo.app */,
			);
			name = Products;
			sourceTree = "<group>";
		};
		19865E961E410CB800E29E6D /* demo */ = {
			isa = PBXGroup;
			children = (
				1984B9A21E485B2F00E53D5D /* DataAPI.swift */,
				1984B9A41E4864B500E53D5D /* Item.swift */,
				19865E971E410CB800E29E6D /* AppDelegate.swift */,
				19865E991E410CB800E29E6D /* ViewController.swift */,
				19865E9B1E410CB800E29E6D /* Main.storyboard */,
				1984B9A01E4854A600E53D5D /* SingleItemViewController.swift */,
				19865E9E1E410CB800E29E6D /* Assets.xcassets */,
				19865EA01E410CB800E29E6D /* LaunchScreen.storyboard */,
				19865EA31E410CB800E29E6D /* Info.plist */,
			);
			path = demo;
			sourceTree = "<group>";
		};
/* End PBXGroup section */

/* Begin PBXNativeTarget section */
		19865E931E410CB800E29E6D /* demo */ = {
			isa = PBXNativeTarget;
			buildConfigurationList = 19865EA61E410CB800E29E6D /* Build configuration list for PBXNativeTarget "demo" */;
			buildPhases = (
				19865E901E410CB800E29E6D /* Sources */,
				19865E911E410CB800E29E6D /* Frameworks */,
				19865E921E410CB800E29E6D /* Resources */,
			);
			buildRules = (
			);
			dependencies = (
			);
			name = demo;
			productName = demo;
			productReference = 19865E941E410CB800E29E6D /* demo.app */;
			productType = "com.apple.product-type.application";
		};
/* End PBXNativeTarget section */

/* Begin PBXProject section */
		19865E8C1E410CB800E29E6D /* Project object */ = {
			isa = PBXProject;
			attributes = {
				LastSwiftUpdateCheck = 0810;
				LastUpgradeCheck = 0810;
				ORGANIZATIONNAME = "dusan vesic";
				TargetAttributes = {
					19865E931E410CB800E29E6D = {
						CreatedOnToolsVersion = 8.1;
						ProvisioningStyle = Automatic;
					};
				};
			};
			buildConfigurationList = 19865E8F1E410CB800E29E6D /* Build configuration list for PBXProject "demo" */;
			compatibilityVersion = "Xcode 3.2";
			developmentRegion = English;
			hasScannedForEncodings = 0;
			knownRegions = (
				en,
				Base,
			);
			mainGroup = 19865E8B1E410CB800E29E6D;
			productRefGroup = 19865E951E410CB800E29E6D /* Products */;
			projectDirPath = "";
			projectRoot = "";
			targets = (
				19865E931E410CB800E29E6D /* demo */,
			);
		};
/* End PBXProject section */

/* Begin PBXResourcesBuildPhase section */
		19865E921E410CB800E29E6D /* Resources */ = {
			isa = PBXResourcesBuildPhase;
			buildActionMask = 2147483647;
			files = (
				19865EA21E410CB800E29E6D /* LaunchScreen.storyboard in Resources */,
				19865E9F1E410CB800E29E6D /* Assets.xcassets in Resources */,
				19865E9D1E410CB800E29E6D /* Main.storyboard in Resources */,
			);
			runOnlyForDeploymentPostprocessing = 0;
		};
/* End PBXResourcesBuildPhase section */

/* Begin PBXSourcesBuildPhase section */
		19865E901E410CB800E29E6D /* Sources */ = {
			isa = PBXSourcesBuildPhase;
			buildActionMask = 2147483647;
			files = (
				1984B9A51E4864B600E53D5D /* Item.swift in Sources */,
				1984B9A31E485B2F00E53D5D /* DataAPI.swift in Sources */,
				1984B9A11E4854A600E53D5D /* SingleItemViewController.swift in Sources */,
				19865E9A1E410CB800E29E6D /* ViewController.swift in Sources */,
				19865E981E410CB800E29E6D /* AppDelegate.swift in Sources */,
			);
			runOnlyForDeploymentPostprocessing = 0;
		};
/* End PBXSourcesBuildPhase section */

/* Begin PBXVariantGroup section */
		19865E9B1E410CB800E29E6D /* Main.storyboard */ = {
			isa = PBXVariantGroup;
			children = (
				19865E9C1E410CB800E29E6D /* Base */,
			);
			name = Main.storyboard;
			sourceTree = "<group>";
		};
		19865EA01E410CB800E29E6D /* LaunchScreen.storyboard */ = {
			isa = PBXVariantGroup;
			children = (
				19865EA11E410CB800E29E6D /* Base */,
			);
			name = LaunchScreen.storyboard;
			sourceTree = "<group>";
		};
/* End PBXVariantGroup section */

/* Begin XCBuildConfiguration section */
		19865EA41E410CB800E29E6D /* Debug */ = {
			isa = XCBuildConfiguration;
			buildSettings = {
				ALWAYS_SEARCH_USER_PATHS = NO;
				CLANG_ANALYZER_NONNULL = YES;
				CLANG_CXX_LANGUAGE_STANDARD = "gnu++0x";
				CLANG_CXX_LIBRARY = "libc++";
				CLANG_ENABLE_MODULES = YES;
				CLANG_ENABLE_OBJC_ARC = YES;
				CLANG_WARN_BOOL_CONVERSION = YES;
				CLANG_WARN_CONSTANT_CONVERSION = YES;
				CLANG_WARN_DIRECT_OBJC_ISA_USAGE = YES_ERROR;
				CLANG_WARN_DOCUMENTATION_COMMENTS = YES;
				CLANG_WARN_EMPTY_BODY = YES;
				CLANG_WARN_ENUM_CONVERSION = YES;
				CLANG_WARN_INFINITE_RECURSION = YES;
				CLANG_WARN_INT_CONVERSION = YES;
				CLANG_WARN_OBJC_ROOT_CLASS = YES_ERROR;
				CLANG_WARN_SUSPICIOUS_MOVES = YES;
				CLANG_WARN_UNREACHABLE_CODE = YES;
				CLANG_WARN__DUPLICATE_METHOD_MATCH = YES;
				"CODE_SIGN_IDENTITY[sdk=iphoneos*]" = "iPhone Developer";
				COPY_PHASE_STRIP = NO;
				DEBUG_INFORMATION_FORMAT = dwarf;
				ENABLE_STRICT_OBJC_MSGSEND = YES;
				ENABLE_TESTABILITY = YES;
				GCC_C_LANGUAGE_STANDARD = gnu99;
				GCC_DYNAMIC_NO_PIC = NO;
				GCC_NO_COMMON_BLOCKS = YES;
				GCC_OPTIMIZATION_LEVEL = 0;
				GCC_PREPROCESSOR_DEFINITIONS = (
					"DEBUG=1",
					"$(inherited)",
				);
				GCC_WARN_64_TO_32_BIT_CONVERSION = YES;
				GCC_WARN_ABOUT_RETURN_TYPE = YES_ERROR;
				GCC_WARN_UNDECLARED_SELECTOR = YES;
				GCC_WARN_UNINITIALIZED_AUTOS = YES_AGGRESSIVE;
				GCC_WARN_UNUSED_FUNCTION = YES;
				GCC_WARN_UNUSED_VARIABLE = YES;
				IPHONEOS_DEPLOYMENT_TARGET = 10.1;
				MTL_ENABLE_DEBUG_INFO = YES;
				ONLY_ACTIVE_ARCH = YES;
				SDKROOT = iphoneos;
				SWIFT_ACTIVE_COMPILATION_CONDITIONS = DEBUG;
				SWIFT_OPTIMIZATION_LEVEL = "-Onone";
			};
			name = Debug;
		};
		19865EA51E410CB800E29E6D /* Release */ = {
			isa = XCBuildConfiguration;
			buildSettings = {
				ALWAYS_SEARCH_USER_PATHS = NO;
				CLANG_ANALYZER_NONNULL = YES;
				CLANG_CXX_LANGUAGE_STANDARD = "gnu++0x";
				CLANG_CXX_LIBRARY = "libc++";
				CLANG_ENABLE_MODULES = YES;
				CLANG_ENABLE_OBJC_ARC = YES;
				CLANG_WARN_BOOL_CONVERSION = YES;
				CLANG_WARN_CONSTANT_CONVERSION = YES;
				CLANG_WARN_DIRECT_OBJC_ISA_USAGE = YES_ERROR;
				CLANG_WARN_DOCUMENTATION_COMMENTS = YES;
				CLANG_WARN_EMPTY_BODY = YES;
				CLANG_WARN_ENUM_CONVERSION = YES;
				CLANG_WARN_INFINITE_RECURSION = YES;
				CLANG_WARN_INT_CONVERSION = YES;
				CLANG_WARN_OBJC_ROOT_CLASS = YES_ERROR;
				CLANG_WARN_SUSPICIOUS_MOVES = YES;
				CLANG_WARN_UNREACHABLE_CODE = YES;
				CLANG_WARN__DUPLICATE_METHOD_MATCH = YES;
				"CODE_SIGN_IDENTITY[sdk=iphoneos*]" = "iPhone Developer";
				COPY_PHASE_STRIP = NO;
				DEBUG_INFORMATION_FORMAT = "dwarf-with-dsym";
				ENABLE_NS_ASSERTIONS = NO;
				ENABLE_STRICT_OBJC_MSGSEND = YES;
				GCC_C_LANGUAGE_STANDARD = gnu99;
				GCC_NO_COMMON_BLOCKS = YES;
				GCC_WARN_64_TO_32_BIT_CONVERSION = YES;
				GCC_WARN_ABOUT_RETURN_TYPE = YES_ERROR;
				GCC_WARN_UNDECLARED_SELECTOR = YES;
				GCC_WARN_UNINITIALIZED_AUTOS = YES_AGGRESSIVE;
				GCC_WARN_UNUSED_FUNCTION = YES;
				GCC_WARN_UNUSED_VARIABLE = YES;
				IPHONEOS_DEPLOYMENT_TARGET = 10.1;
				MTL_ENABLE_DEBUG_INFO = NO;
				SDKROOT = iphoneos;
				SWIFT_OPTIMIZATION_LEVEL = "-Owholemodule";
				VALIDATE_PRODUCT = YES;
			};
			name = Release;
		};
		19865EA71E410CB800E29E6D /* Debug */ = {
			isa = XCBuildConfiguration;
			buildSettings = {
				ASSETCATALOG_COMPILER_APPICON_NAME = AppIcon;
				INFOPLIST_FILE = demo/Info.plist;
				LD_RUNPATH_SEARCH_PATHS = "$(inherited) @executable_path/Frameworks";
				PRODUCT_BUNDLE_IDENTIFIER = me.vesic.demo;
				PRODUCT_NAME = "$(TARGET_NAME)";
				SWIFT_VERSION = 3.0;
			};
			name = Debug;
		};
		19865EA81E410CB800E29E6D /* Release */ = {
			isa = XCBuildConfiguration;
			buildSettings = {
				ASSETCATALOG_COMPILER_APPICON_NAME = AppIcon;
				INFOPLIST_FILE = demo/Info.plist;
				LD_RUNPATH_SEARCH_PATHS = "$(inherited) @executable_path/Frameworks";
				PRODUCT_BUNDLE_IDENTIFIER = me.vesic.demo;
				PRODUCT_NAME = "$(TARGET_NAME)";
				SWIFT_VERSION = 3.0;
			};
			name = Release;
		};
/* End XCBuildConfiguration section */

/* Begin XCConfigurationList section */
		19865E8F1E410CB800E29E6D /* Build configuration list for PBXProject "demo" */ = {
			isa = XCConfigurationList;
			buildConfigurations = (
				19865EA41E410CB800E29E6D /* Debug */,
				19865EA51E410CB800E29E6D /* Release */,
			);
			defaultConfigurationIsVisible = 0;
			defaultConfigurationName = Release;
		};
		19865EA61E410CB800E29E6D /* Build configuration list for PBXNativeTarget "demo" */ = {
			isa = XCConfigurationList;
			buildConfigurations = (
				19865EA71E410CB800E29E6D /* Debug */,
				19865EA81E410CB800E29E6D /* Release */,
			);
			defaultConfigurationIsVisible = 0;
			defaultConfigurationName = Release;
		};
/* End XCConfigurationList section */
	};
	rootObject = 19865E8C1E410CB800E29E6D /* Project object */;
}
